
Microsoft Visual Studio Solution File, Format Version 12.00
# Visual Studio Express 2013 for Windows Desktop
VisualStudioVersion = 12.0.31101.0
MinimumVisualStudioVersion = 10.0.40219.1
Project("{FAE04EC0-301F-11D3-BF4B-00C04F79EFBC}") = "GameTracking", "GameTracking\GameTracking.csproj", "{49D97CC9-D0A8-4D28-A1D9-C07C8D1CB9CA}"
EndProject
Project("{2150E333-8FDC-42A3-9474-1A3956D46DE8}") = "Solution Items", "Solution Items", "{3F309CF7-82E4-4779-AA5B-1A89AC5E889B}"
	ProjectSection(SolutionItems) = preProject
		secret.txt = secret.txt
		token.txt = token.txt
	EndProjectSection
EndProject
Global
	GlobalSection(SolutionConfigurationPlatforms) = preSolution
		Debug|Any CPU = Debug|Any CPU
		Release|Any CPU = Release|Any CPU
	EndGlobalSection
	GlobalSection(ProjectConfigurationPlatforms) = postSolution
		{49D97CC9-D0A8-4D28-A1D9-C07C8D1CB9CA}.Debug|Any CPU.ActiveCfg = Debug|Any CPU
		{49D97CC9-D0A8-4D28-A1D9-C07C8D1CB9CA}.Debug|Any CPU.Build.0 = Debug|Any CPU
		{49D97CC9-D0A8-4D28-A1D9-C07C8D1CB9CA}.Release|Any CPU.ActiveCfg = Release|Any CPU
		{49D97CC9-D0A8-4D28-A1D9-C07C8D1CB9CA}.Release|Any CPU.Build.0 = Release|Any CPU
	EndGlobalSection
	GlobalSection(SolutionProperties) = preSolution
		HideSolutionNode = FALSE
	EndGlobalSection
EndGlobal
